// !$*UTF8*$!
{
	archiveVersion = 1;
	classes = {
	};
	objectVersion = 46;
	objects = {

/* Begin PBXBuildFile section */
		0F37FDED1BD6272F00FEA687 /* main.m in Sources */ = {isa = PBXBuildFile; fileRef = 0F37FDEC1BD6272F00FEA687 /* main.m */; };
		0F37FDF01BD6272F00FEA687 /* AppDelegate.m in Sources */ = {isa = PBXBuildFile; fileRef = 0F37FDEF1BD6272F00FEA687 /* AppDelegate.m */; };
		0F37FDF31BD6272F00FEA687 /* ViewController.m in Sources */ = {isa = PBXBuildFile; fileRef = 0F37FDF21BD6272F00FEA687 /* ViewController.m */; };
		0F37FDF61BD6272F00FEA687 /* Main.storyboard in Resources */ = {isa = PBXBuildFile; fileRef = 0F37FDF41BD6272F00FEA687 /* Main.storyboard */; };
		0F37FDF81BD6272F00FEA687 /* Assets.xcassets in Resources */ = {isa = PBXBuildFile; fileRef = 0F37FDF71BD6272F00FEA687 /* Assets.xcassets */; };
		0F37FDFB1BD6272F00FEA687 /* LaunchScreen.storyboard in Resources */ = {isa = PBXBuildFile; fileRef = 0F37FDF91BD6272F00FEA687 /* LaunchScreen.storyboard */; };
		0F37FE061BD6272F00FEA687 /* GitTest2Tests.m in Sources */ = {isa = PBXBuildFile; fileRef = 0F37FE051BD6272F00FEA687 /* GitTest2Tests.m */; };
		0F37FE111BD6272F00FEA687 /* GitTest2UITests.m in Sources */ = {isa = PBXBuildFile; fileRef = 0F37FE101BD6272F00FEA687 /* GitTest2UITests.m */; };
/* End PBXBuildFile section */

/* Begin PBXContainerItemProxy section */
		0F37FE021BD6272F00FEA687 /* PBXContainerItemProxy */ = {
			isa = PBXContainerItemProxy;
			containerPortal = 0F37FDE01BD6272F00FEA687 /* Project object */;
			proxyType = 1;
			remoteGlobalIDString = 0F37FDE71BD6272F00FEA687;
			remoteInfo = GitTest2;
		};
		0F37FE0D1BD6272F00FEA687 /* PBXContainerItemProxy */ = {
			isa = PBXContainerItemProxy;
			containerPortal = 0F37FDE01BD6272F00FEA687 /* Project object */;
			proxyType = 1;
			remoteGlobalIDString = 0F37FDE71BD6272F00FEA687;
			remoteInfo = GitTest2;
		};
/* End PBXContainerItemProxy section */

/* Begin PBXFileReference section */
		0F37FDE81BD6272F00FEA687 /* GitTest2.app */ = {isa = PBXFileReference; explicitFileType = wrapper.application; includeInIndex = 0; path = GitTest2.app; sourceTree = BUILT_PRODUCTS_DIR; };
		0F37FDEC1BD6272F00FEA687 /* main.m */ = {isa = PBXFileReference; lastKnownFileType = sourcecode.c.objc; path = main.m; sourceTree = "<group>"; };
		0F37FDEE1BD6272F00FEA687 /* AppDelegate.h */ = {isa = PBXFileReference; lastKnownFileType = sourcecode.c.h; path = AppDelegate.h; sourceTree = "<group>"; };
		0F37FDEF1BD6272F00FEA687 /* AppDelegate.m */ = {isa = PBXFileReference; lastKnownFileType = sourcecode.c.objc; path = AppDelegate.m; sourceTree = "<group>"; };
		0F37FDF11BD6272F00FEA687 /* ViewController.h */ = {isa = PBXFileReference; lastKnownFileType = sourcecode.c.h; path = ViewController.h; sourceTree = "<group>"; };
		0F37FDF21BD6272F00FEA687 /* ViewController.m */ = {isa = PBXFileReference; lastKnownFileType = sourcecode.c.objc; path = ViewController.m; sourceTree = "<group>"; };
		0F37FDF51BD6272F00FEA687 /* Base */ = {isa = PBXFileReference; lastKnownFileType = file.storyboard; name = Base; path = Base.lproj/Main.storyboard; sourceTree = "<group>"; };
		0F37FDF71BD6272F00FEA687 /* Assets.xcassets */ = {isa = PBXFileReference; lastKnownFileType = folder.assetcatalog; path = Assets.xcassets; sourceTree = "<group>"; };
		0F37FDFA1BD6272F00FEA687 /* Base */ = {isa = PBXFileReference; lastKnownFileType = file.storyboard; name = Base; path = Base.lproj/LaunchScreen.storyboard; sourceTree = "<group>"; };
		0F37FDFC1BD6272F00FEA687 /* Info.plist */ = {isa = PBXFileReference; lastKnownFileType = text.plist.xml; path = Info.plist; sourceTree = "<group>"; };
		0F37FE011BD6272F00FEA687 /* GitTest2Tests.xctest */ = {isa = PBXFileReference; explicitFileType = wrapper.cfbundle; includeInIndex = 0; path = GitTest2Tests.xctest; sourceTree = BUILT_PRODUCTS_DIR; };
		0F37FE051BD6272F00FEA687 /* GitTest2Tests.m */ = {isa = PBXFileReference; lastKnownFileType = sourcecode.c.objc; path = GitTest2Tests.m; sourceTree = "<group>"; };
		0F37FE071BD6272F00FEA687 /* Info.plist */ = {isa = PBXFileReference; lastKnownFileType = text.plist.xml; path = Info.plist; sourceTree = "<group>"; };
		0F37FE0C1BD6272F00FEA687 /* GitTest2UITests.xctest */ = {isa = PBXFileReference; explicitFileType = wrapper.cfbundle; includeInIndex = 0; path = GitTest2UITests.xctest; sourceTree = BUILT_PRODUCTS_DIR; };
		0F37FE101BD6272F00FEA687 /* GitTest2UITests.m */ = {isa = PBXFileReference; lastKnownFileType = sourcecode.c.objc; path = GitTest2UITests.m; sourceTree = "<group>"; };
		0F37FE121BD6272F00FEA687 /* Info.plist */ = {isa = PBXFileReference; lastKnownFileType = text.plist.xml; path = Info.plist; sourceTree = "<group>"; };
/* End PBXFileReference section */

/* Begin PBXFrameworksBuildPhase section */
		0F37FDE51BD6272F00FEA687 /* Frameworks */ = {
			isa = PBXFrameworksBuildPhase;
			buildActionMask = 2147483647;
			files = (
			);
			runOnlyForDeploymentPostprocessing = 0;
		};
		0F37FDFE1BD6272F00FEA687 /* Frameworks */ = {
			isa = PBXFrameworksBuildPhase;
			buildActionMask = 2147483647;
			files = (
			);
			runOnlyForDeploymentPostprocessing = 0;
		};
		0F37FE091BD6272F00FEA687 /* Frameworks */ = {
			isa = PBXFrameworksBuildPhase;
			buildActionMask = 2147483647;
			files = (
			);
			runOnlyForDeploymentPostprocessing = 0;
		};
/* End PBXFrameworksBuildPhase section */

/* Begin PBXGroup section */
		0F37FDDF1BD6272F00FEA687 = {
			isa = PBXGroup;
			children = (
				0F37FDEA1BD6272F00FEA687 /* GitTest2 */,
				0F37FE041BD6272F00FEA687 /* GitTest2Tests */,
				0F37FE0F1BD6272F00FEA687 /* GitTest2UITests */,
				0F37FDE91BD6272F00FEA687 /* Products */,
			);
			sourceTree = "<group>";
		};
		0F37FDE91BD6272F00FEA687 /* Products */ = {
			isa = PBXGroup;
			children = (
				0F37FDE81BD6272F00FEA687 /* GitTest2.app */,
				0F37FE011BD6272F00FEA687 /* GitTest2Tests.xctest */,
				0F37FE0C1BD6272F00FEA687 /* GitTest2UITests.xctest */,
			);
			name = Products;
			sourceTree = "<group>";
		};
		0F37FDEA1BD6272F00FEA687 /* GitTest2 */ = {
			isa = PBXGroup;
			children = (
				0F37FDEE1BD6272F00FEA687 /* AppDelegate.h */,
				0F37FDEF1BD6272F00FEA687 /* AppDelegate.m */,
				0F37FDF11BD6272F00FEA687 /* ViewController.h */,
				0F37FDF21BD6272F00FEA687 /* ViewController.m */,
				0F37FDF41BD6272F00FEA687 /* Main.storyboard */,
				0F37FDF71BD6272F00FEA687 /* Assets.xcassets */,
				0F37FDF91BD6272F00FEA687 /* LaunchScreen.storyboard */,
				0F37FDFC1BD6272F00FEA687 /* Info.plist */,
				0F37FDEB1BD6272F00FEA687 /* Supporting Files */,
			);
			path = GitTest2;
			sourceTree = "<group>";
		};
		0F37FDEB1BD6272F00FEA687 /* Supporting Files */ = {
			isa = PBXGroup;
			children = (
				0F37FDEC1BD6272F00FEA687 /* main.m */,
			);
			name = "Supporting Files";
			sourceTree = "<group>";
		};
		0F37FE041BD6272F00FEA687 /* GitTest2Tests */ = {
			isa = PBXGroup;
			children = (
				0F37FE051BD6272F00FEA687 /* GitTest2Tests.m */,
				0F37FE071BD6272F00FEA687 /* Info.plist */,
			);
			path = GitTest2Tests;
			sourceTree = "<group>";
		};
		0F37FE0F1BD6272F00FEA687 /* GitTest2UITests */ = {
			isa = PBXGroup;
			children = (
				0F37FE101BD6272F00FEA687 /* GitTest2UITests.m */,
				0F37FE121BD6272F00FEA687 /* Info.plist */,
			);
			path = GitTest2UITests;
			sourceTree = "<group>";
		};
/* End PBXGroup section */

/* Begin PBXNativeTarget section */
		0F37FDE71BD6272F00FEA687 /* GitTest2 */ = {
			isa = PBXNativeTarget;
			buildConfigurationList = 0F37FE151BD6272F00FEA687 /* Build configuration list for PBXNativeTarget "GitTest2" */;
			buildPhases = (
				0F37FDE41BD6272F00FEA687 /* Sources */,
				0F37FDE51BD6272F00FEA687 /* Frameworks */,
				0F37FDE61BD6272F00FEA687 /* Resources */,
			);
			buildRules = (
			);
			dependencies = (
			);
			name = GitTest2;
			productName = GitTest2;
			productReference = 0F37FDE81BD6272F00FEA687 /* GitTest2.app */;
			productType = "com.apple.product-type.application";
		};
		0F37FE001BD6272F00FEA687 /* GitTest2Tests */ = {
			isa = PBXNativeTarget;
			buildConfigurationList = 0F37FE181BD6272F00FEA687 /* Build configuration list for PBXNativeTarget "GitTest2Tests" */;
			buildPhases = (
				0F37FDFD1BD6272F00FEA687 /* Sources */,
				0F37FDFE1BD6272F00FEA687 /* Frameworks */,
				0F37FDFF1BD6272F00FEA687 /* Resources */,
			);
			buildRules = (
			);
			dependencies = (
				0F37FE031BD6272F00FEA687 /* PBXTargetDependency */,
			);
			name = GitTest2Tests;
			productName = GitTest2Tests;
			productReference = 0F37FE011BD6272F00FEA687 /* GitTest2Tests.xctest */;
			productType = "com.apple.product-type.bundle.unit-test";
		};
		0F37FE0B1BD6272F00FEA687 /* GitTest2UITests */ = {
			isa = PBXNativeTarget;
			buildConfigurationList = 0F37FE1B1BD6272F00FEA687 /* Build configuration list for PBXNativeTarget "GitTest2UITests" */;
			buildPhases = (
				0F37FE081BD6272F00FEA687 /* Sources */,
				0F37FE091BD6272F00FEA687 /* Frameworks */,
				0F37FE0A1BD6272F00FEA687 /* Resources */,
			);
			buildRules = (
			);
			dependencies = (
				0F37FE0E1BD6272F00FEA687 /* PBXTargetDependency */,
			);
			name = GitTest2UITests;
			productName = GitTest2UITests;
			productReference = 0F37FE0C1BD6272F00FEA687 /* GitTest2UITests.xctest */;
			productType = "com.apple.product-type.bundle.ui-testing";
		};
/* End PBXNativeTarget section */

/* Begin PBXProject section */
		0F37FDE01BD6272F00FEA687 /* Project object */ = {
			isa = PBXProject;
			attributes = {
				LastUpgradeCheck = 0700;
				ORGANIZATIONNAME = com.ifensi.fansclub;
				TargetAttributes = {
					0F37FDE71BD6272F00FEA687 = {
						CreatedOnToolsVersion = 7.0;
					};
					0F37FE001BD6272F00FEA687 = {
						CreatedOnToolsVersion = 7.0;
						TestTargetID = 0F37FDE71BD6272F00FEA687;
					};
					0F37FE0B1BD6272F00FEA687 = {
						CreatedOnToolsVersion = 7.0;
						TestTargetID = 0F37FDE71BD6272F00FEA687;
					};
				};
			};
			buildConfigurationList = 0F37FDE31BD6272F00FEA687 /* Build configuration list for PBXProject "GitTest2" */;
			compatibilityVersion = "Xcode 3.2";
			developmentRegion = English;
			hasScannedForEncodings = 0;
			knownRegions = (
				en,
				Base,
			);
			mainGroup = 0F37FDDF1BD6272F00FEA687;
			productRefGroup = 0F37FDE91BD6272F00FEA687 /* Products */;
			projectDirPath = "";
			projectRoot = "";
			targets = (
				0F37FDE71BD6272F00FEA687 /* GitTest2 */,
				0F37FE001BD6272F00FEA687 /* GitTest2Tests */,
				0F37FE0B1BD6272F00FEA687 /* GitTest2UITests */,
			);
		};
/* End PBXProject section */

/* Begin PBXResourcesBuildPhase section */
		0F37FDE61BD6272F00FEA687 /* Resources */ = {
			isa = PBXResourcesBuildPhase;
			buildActionMask = 2147483647;
			files = (
				0F37FDFB1BD6272F00FEA687 /* LaunchScreen.storyboard in Resources */,
				0F37FDF81BD6272F00FEA687 /* Assets.xcassets in Resources */,
				0F37FDF61BD6272F00FEA687 /* Main.storyboard in Resources */,
			);
			runOnlyForDeploymentPostprocessing = 0;
		};
		0F37FDFF1BD6272F00FEA687 /* Resources */ = {
			isa = PBXResourcesBuildPhase;
			buildActionMask = 2147483647;
			files = (
			);
			runOnlyForDeploymentPostprocessing = 0;
		};
		0F37FE0A1BD6272F00FEA687 /* Resources */ = {
			isa = PBXResourcesBuildPhase;
			buildActionMask = 2147483647;
			files = (
			);
			runOnlyForDeploymentPostprocessing = 0;
		};
/* End PBXResourcesBuildPhase section */

/* Begin PBXSourcesBuildPhase section */
		0F37FDE41BD6272F00FEA687 /* Sources */ = {
			isa = PBXSourcesBuildPhase;
			buildActionMask = 2147483647;
			files = (
				0F37FDF31BD6272F00FEA687 /* ViewController.m in Sources */,
				0F37FDF01BD6272F00FEA687 /* AppDelegate.m in Sources */,
				0F37FDED1BD6272F00FEA687 /* main.m in Sources */,
			);
			runOnlyForDeploymentPostprocessing = 0;
		};
		0F37FDFD1BD6272F00FEA687 /* Sources */ = {
			isa = PBXSourcesBuildPhase;
			buildActionMask = 2147483647;
			files = (
				0F37FE061BD6272F00FEA687 /* GitTest2Tests.m in Sources */,
			);
			runOnlyForDeploymentPostprocessing = 0;
		};
		0F37FE081BD6272F00FEA687 /* Sources */ = {
			isa = PBXSourcesBuildPhase;
			buildActionMask = 2147483647;
			files = (
				0F37FE111BD6272F00FEA687 /* GitTest2UITests.m in Sources */,
			);
			runOnlyForDeploymentPostprocessing = 0;
		};
/* End PBXSourcesBuildPhase section */

/* Begin PBXTargetDependency section */
		0F37FE031BD6272F00FEA687 /* PBXTargetDependency */ = {
			isa = PBXTargetDependency;
			target = 0F37FDE71BD6272F00FEA687 /* GitTest2 */;
			targetProxy = 0F37FE021BD6272F00FEA687 /* PBXContainerItemProxy */;
		};
		0F37FE0E1BD6272F00FEA687 /* PBXTargetDependency */ = {
			isa = PBXTargetDependency;
			target = 0F37FDE71BD6272F00FEA687 /* GitTest2 */;
			targetProxy = 0F37FE0D1BD6272F00FEA687 /* PBXContainerItemProxy */;
		};
/* End PBXTargetDependency section */

/* Begin PBXVariantGroup section */
		0F37FDF41BD6272F00FEA687 /* Main.storyboard */ = {
			isa = PBXVariantGroup;
			children = (
				0F37FDF51BD6272F00FEA687 /* Base */,
			);
			name = Main.storyboard;
			sourceTree = "<group>";
		};
		0F37FDF91BD6272F00FEA687 /* LaunchScreen.storyboard */ = {
			isa = PBXVariantGroup;
			children = (
				0F37FDFA1BD6272F00FEA687 /* Base */,
			);
			name = LaunchScreen.storyboard;
			sourceTree = "<group>";
		};
/* End PBXVariantGroup section */

/* Begin XCBuildConfiguration section */
		0F37FE131BD6272F00FEA687 /* Debug */ = {
			isa = XCBuildConfiguration;
			buildSettings = {
				ALWAYS_SEARCH_USER_PATHS = NO;
				CLANG_CXX_LANGUAGE_STANDARD = "gnu++0x";
				CLANG_CXX_LIBRARY = "libc++";
				CLANG_ENABLE_MODULES = YES;
				CLANG_ENABLE_OBJC_ARC = YES;
				CLANG_WARN_BOOL_CONVERSION = YES;
				CLANG_WARN_CONSTANT_CONVERSION = YES;
				CLANG_WARN_DIRECT_OBJC_ISA_USAGE = YES_ERROR;
				CLANG_WARN_EMPTY_BODY = YES;
				CLANG_WARN_ENUM_CONVERSION = YES;
				CLANG_WARN_INT_CONVERSION = YES;
				CLANG_WARN_OBJC_ROOT_CLASS = YES_ERROR;
				CLANG_WARN_UNREACHABLE_CODE = YES;
				CLANG_WARN__DUPLICATE_METHOD_MATCH = YES;
				"CODE_SIGN_IDENTITY[sdk=iphoneos*]" = "iPhone Developer";
				COPY_PHASE_STRIP = NO;
				DEBUG_INFORMATION_FORMAT = dwarf;
				ENABLE_STRICT_OBJC_MSGSEND = YES;
				ENABLE_TESTABILITY = YES;
				GCC_C_LANGUAGE_STANDARD = gnu99;
				GCC_DYNAMIC_NO_PIC = NO;
				GCC_NO_COMMON_BLOCKS = YES;
				GCC_OPTIMIZATION_LEVEL = 0;
				GCC_PREPROCESSOR_DEFINITIONS = (
					"DEBUG=1",
					"$(inherited)",
				);
				GCC_WARN_64_TO_32_BIT_CONVERSION = YES;
				GCC_WARN_ABOUT_RETURN_TYPE = YES_ERROR;
				GCC_WARN_UNDECLARED_SELECTOR = YES;
				GCC_WARN_UNINITIALIZED_AUTOS = YES_AGGRESSIVE;
				GCC_WARN_UNUSED_FUNCTION = YES;
				GCC_WARN_UNUSED_VARIABLE = YES;
				IPHONEOS_DEPLOYMENT_TARGET = 9.0;
				MTL_ENABLE_DEBUG_INFO = YES;
				ONLY_ACTIVE_ARCH = YES;
				SDKROOT = iphoneos;
				TARGETED_DEVICE_FAMILY = "1,2";
			};
			name = Debug;
		};
		0F37FE141BD6272F00FEA687 /* Release */ = {
			isa = XCBuildConfiguration;
			buildSettings = {
				ALWAYS_SEARCH_USER_PATHS = NO;
				CLANG_CXX_LANGUAGE_STANDARD = "gnu++0x";
				CLANG_CXX_LIBRARY = "libc++";
				CLANG_ENABLE_MODULES = YES;
				CLANG_ENABLE_OBJC_ARC = YES;
				CLANG_WARN_BOOL_CONVERSION = YES;
				CLANG_WARN_CONSTANT_CONVERSION = YES;
				CLANG_WARN_DIRECT_OBJC_ISA_USAGE = YES_ERROR;
				CLANG_WARN_EMPTY_BODY = YES;
				CLANG_WARN_ENUM_CONVERSION = YES;
				CLANG_WARN_INT_CONVERSION = YES;
				CLANG_WARN_OBJC_ROOT_CLASS = YES_ERROR;
				CLANG_WARN_UNREACHABLE_CODE = YES;
				CLANG_WARN__DUPLICATE_METHOD_MATCH = YES;
				"CODE_SIGN_IDENTITY[sdk=iphoneos*]" = "iPhone Developer";
				COPY_PHASE_STRIP = NO;
				DEBUG_INFORMATION_FORMAT = "dwarf-with-dsym";
				ENABLE_NS_ASSERTIONS = NO;
				ENABLE_STRICT_OBJC_MSGSEND = YES;
				GCC_C_LANGUAGE_STANDARD = gnu99;
				GCC_NO_COMMON_BLOCKS = YES;
				GCC_WARN_64_TO_32_BIT_CONVERSION = YES;
				GCC_WARN_ABOUT_RETURN_TYPE = YES_ERROR;
				GCC_WARN_UNDECLARED_SELECTOR = YES;
				GCC_WARN_UNINITIALIZED_AUTOS = YES_AGGRESSIVE;
				GCC_WARN_UNUSED_FUNCTION = YES;
				GCC_WARN_UNUSED_VARIABLE = YES;
				IPHONEOS_DEPLOYMENT_TARGET = 9.0;
				MTL_ENABLE_DEBUG_INFO = NO;
				SDKROOT = iphoneos;
				TARGETED_DEVICE_FAMILY = "1,2";
				VALIDATE_PRODUCT = YES;
			};
			name = Release;
		};
		0F37FE161BD6272F00FEA687 /* Debug */ = {
			isa = XCBuildConfiguration;
			buildSettings = {
				ASSETCATALOG_COMPILER_APPICON_NAME = AppIcon;
				INFOPLIST_FILE = GitTest2/Info.plist;
				LD_RUNPATH_SEARCH_PATHS = "$(inherited) @executable_path/Frameworks";
				PRODUCT_BUNDLE_IDENTIFIER = com.ifens.GitTest2;
				PRODUCT_NAME = "$(TARGET_NAME)";
			};
			name = Debug;
		};
		0F37FE171BD6272F00FEA687 /* Release */ = {
			isa = XCBuildConfiguration;
			buildSettings = {
				ASSETCATALOG_COMPILER_APPICON_NAME = AppIcon;
				INFOPLIST_FILE = GitTest2/Info.plist;
				LD_RUNPATH_SEARCH_PATHS = "$(inherited) @executable_path/Frameworks";
				PRODUCT_BUNDLE_IDENTIFIER = com.ifens.GitTest2;
				PRODUCT_NAME = "$(TARGET_NAME)";
			};
			name = Release;
		};
		0F37FE191BD6272F00FEA687 /* Debug */ = {
			isa = XCBuildConfiguration;
			buildSettings = {
				BUNDLE_LOADER = "$(TEST_HOST)";
				INFOPLIST_FILE = GitTest2Tests/Info.plist;
				LD_RUNPATH_SEARCH_PATHS = "$(inherited) @executable_path/Frameworks @loader_path/Frameworks";
				PRODUCT_BUNDLE_IDENTIFIER = com.ifens.GitTest2Tests;
				PRODUCT_NAME = "$(TARGET_NAME)";
				TEST_HOST = "$(BUILT_PRODUCTS_DIR)/GitTest2.app/GitTest2";
			};
			name = Debug;
		};
		0F37FE1A1BD6272F00FEA687 /* Release */ = {
			isa = XCBuildConfiguration;
			buildSettings = {
				BUNDLE_LOADER = "$(TEST_HOST)";
				INFOPLIST_FILE = GitTest2Tests/Info.plist;
				LD_RUNPATH_SEARCH_PATHS = "$(inherited) @executable_path/Frameworks @loader_path/Frameworks";
				PRODUCT_BUNDLE_IDENTIFIER = com.ifens.GitTest2Tests;
				PRODUCT_NAME = "$(TARGET_NAME)";
				TEST_HOST = "$(BUILT_PRODUCTS_DIR)/GitTest2.app/GitTest2";
			};
			name = Release;
		};
		0F37FE1C1BD6272F00FEA687 /* Debug */ = {
			isa = XCBuildConfiguration;
			buildSettings = {
				INFOPLIST_FILE = GitTest2UITests/Info.plist;
				LD_RUNPATH_SEARCH_PATHS = "$(inherited) @executable_path/Frameworks @loader_path/Frameworks";
				PRODUCT_BUNDLE_IDENTIFIER = com.ifens.GitTest2UITests;
				PRODUCT_NAME = "$(TARGET_NAME)";
				TEST_TARGET_NAME = GitTest2;
				USES_XCTRUNNER = YES;
			};
			name = Debug;
		};
		0F37FE1D1BD6272F00FEA687 /* Release */ = {
			isa = XCBuildConfiguration;
			buildSettings = {
				INFOPLIST_FILE = GitTest2UITests/Info.plist;
				LD_RUNPATH_SEARCH_PATHS = "$(inherited) @executable_path/Frameworks @loader_path/Frameworks";
				PRODUCT_BUNDLE_IDENTIFIER = com.ifens.GitTest2UITests;
				PRODUCT_NAME = "$(TARGET_NAME)";
				TEST_TARGET_NAME = GitTest2;
				USES_XCTRUNNER = YES;
			};
			name = Release;
		};
/* End XCBuildConfiguration section */

/* Begin XCConfigurationList section */
		0F37FDE31BD6272F00FEA687 /* Build configuration list for PBXProject "GitTest2" */ = {
			isa = XCConfigurationList;
			buildConfigurations = (
				0F37FE131BD6272F00FEA687 /* Debug */,
				0F37FE141BD6272F00FEA687 /* Release */,
			);
			defaultConfigurationIsVisible = 0;
			defaultConfigurationName = Release;
		};
		0F37FE151BD6272F00FEA687 /* Build configuration list for PBXNativeTarget "GitTest2" */ = {
			isa = XCConfigurationList;
			buildConfigurations = (
				0F37FE161BD6272F00FEA687 /* Debug */,
				0F37FE171BD6272F00FEA687 /* Release */,
			);
			defaultConfigurationIsVisible = 0;
		};
		0F37FE181BD6272F00FEA687 /* Build configuration list for PBXNativeTarget "GitTest2Tests" */ = {
			isa = XCConfigurationList;
			buildConfigurations = (
				0F37FE191BD6272F00FEA687 /* Debug */,
				0F37FE1A1BD6272F00FEA687 /* Release */,
			);
			defaultConfigurationIsVisible = 0;
		};
		0F37FE1B1BD6272F00FEA687 /* Build configuration list for PBXNativeTarget "GitTest2UITests" */ = {
			isa = XCConfigurationList;
			buildConfigurations = (
				0F37FE1C1BD6272F00FEA687 /* Debug */,
				0F37FE1D1BD6272F00FEA687 /* Release */,
			);
			defaultConfigurationIsVisible = 0;
		};
/* End XCConfigurationList section */
	};
	rootObject = 0F37FDE01BD6272F00FEA687 /* Project object */;
}
